
Microsoft Visual Studio Solution File, Format Version 12.00
# Visual Studio Version 16
VisualStudioVersion = 16.0.30002.166
MinimumVisualStudioVersion = 10.0.40219.1
Project("{9A19103F-16F7-4668-BE54-9A1E7A4F7556}") = "Webshop2", "Webshop2\Webshop2.csproj", "{AEAC2DAB-35CB-4277-BBE5-DCFEFD036909}"
EndProject
Project("{9A19103F-16F7-4668-BE54-9A1E7A4F7556}") = "WebShop.Logic", "WebShop.Logic\WebShop.Logic.csproj", "{12F8455D-B871-4D9D-B8DD-638AD47FAF67}"
EndProject
Project("{9A19103F-16F7-4668-BE54-9A1E7A4F7556}") = "WebShop.Tests", "WebShop.Tests\WebShop.Tests.csproj", "{01EB4B52-88C0-4D38-AFAD-C244A8CA4D54}"
EndProject
Global
	GlobalSection(SolutionConfigurationPlatforms) = preSolution
		Debug|Any CPU = Debug|Any CPU
		Release|Any CPU = Release|Any CPU
	EndGlobalSection
	GlobalSection(ProjectConfigurationPlatforms) = postSolution
		{AEAC2DAB-35CB-4277-BBE5-DCFEFD036909}.Debug|Any CPU.ActiveCfg = Debug|Any CPU
		{AEAC2DAB-35CB-4277-BBE5-DCFEFD036909}.Debug|Any CPU.Build.0 = Debug|Any CPU
		{AEAC2DAB-35CB-4277-BBE5-DCFEFD036909}.Release|Any CPU.ActiveCfg = Release|Any CPU
		{AEAC2DAB-35CB-4277-BBE5-DCFEFD036909}.Release|Any CPU.Build.0 = Release|Any CPU
		{12F8455D-B871-4D9D-B8DD-638AD47FAF67}.Debug|Any CPU.ActiveCfg = Debug|Any CPU
		{12F8455D-B871-4D9D-B8DD-638AD47FAF67}.Debug|Any CPU.Build.0 = Debug|Any CPU
		{12F8455D-B871-4D9D-B8DD-638AD47FAF67}.Release|Any CPU.ActiveCfg = Release|Any CPU
		{12F8455D-B871-4D9D-B8DD-638AD47FAF67}.Release|Any CPU.Build.0 = Release|Any CPU
		{01EB4B52-88C0-4D38-AFAD-C244A8CA4D54}.Debug|Any CPU.ActiveCfg = Debug|Any CPU
		{01EB4B52-88C0-4D38-AFAD-C244A8CA4D54}.Debug|Any CPU.Build.0 = Debug|Any CPU
		{01EB4B52-88C0-4D38-AFAD-C244A8CA4D54}.Release|Any CPU.ActiveCfg = Release|Any CPU
		{01EB4B52-88C0-4D38-AFAD-C244A8CA4D54}.Release|Any CPU.Build.0 = Release|Any CPU
	EndGlobalSection
	GlobalSection(SolutionProperties) = preSolution
		HideSolutionNode = FALSE
	EndGlobalSection
	GlobalSection(ExtensibilityGlobals) = postSolution
		SolutionGuid = {8A2E6BD1-0AE3-4A33-AD91-2BF7B75ACB47}
	EndGlobalSection
EndGlobal
